// !$*UTF8*$!
{
	archiveVersion = 1;
	classes = {
	};
	objectVersion = 46;
	objects = {

/* Begin PBXBuildFile section */
		6548E7061B17CCFF004A2EA2 /* Launch Screen.xib in Resources */ = {isa = PBXBuildFile; fileRef = 6548E7051B17CCFF004A2EA2 /* Launch Screen.xib */; };
		6548E7091B17D26B004A2EA2 /* Author.m in Sources */ = {isa = PBXBuildFile; fileRef = 6548E7081B17D26B004A2EA2 /* Author.m */; };
		6548E70C1B17D643004A2EA2 /* Book.m in Sources */ = {isa = PBXBuildFile; fileRef = 6548E70B1B17D643004A2EA2 /* Book.m */; };
		6548E70F1B17DAA7004A2EA2 /* BookTableViewTableViewController.m in Sources */ = {isa = PBXBuildFile; fileRef = 6548E70E1B17DAA7004A2EA2 /* BookTableViewTableViewController.m */; };
		65AB06951B178C7400B29451 /* main.m in Sources */ = {isa = PBXBuildFile; fileRef = 65AB06941B178C7400B29451 /* main.m */; };
		65AB06981B178C7400B29451 /* AppDelegate.m in Sources */ = {isa = PBXBuildFile; fileRef = 65AB06971B178C7400B29451 /* AppDelegate.m */; };
		65AB069B1B178C7400B29451 /* ViewController.m in Sources */ = {isa = PBXBuildFile; fileRef = 65AB069A1B178C7400B29451 /* ViewController.m */; };
		65AB06A01B178C7400B29451 /* Images.xcassets in Resources */ = {isa = PBXBuildFile; fileRef = 65AB069F1B178C7400B29451 /* Images.xcassets */; };
		65AB06AF1B178C7400B29451 /* d1Tests.m in Sources */ = {isa = PBXBuildFile; fileRef = 65AB06AE1B178C7400B29451 /* d1Tests.m */; };
		65AB06B91B178CF600B29451 /* ViewController.xib in Resources */ = {isa = PBXBuildFile; fileRef = 65AB06B81B178CF600B29451 /* ViewController.xib */; };
/* End PBXBuildFile section */

/* Begin PBXContainerItemProxy section */
		65AB06A91B178C7400B29451 /* PBXContainerItemProxy */ = {
			isa = PBXContainerItemProxy;
			containerPortal = 65AB06871B178C7400B29451 /* Project object */;
			proxyType = 1;
			remoteGlobalIDString = 65AB068E1B178C7400B29451;
			remoteInfo = d1;
		};
/* End PBXContainerItemProxy section */

/* Begin PBXFileReference section */
		6548E7051B17CCFF004A2EA2 /* Launch Screen.xib */ = {isa = PBXFileReference; fileEncoding = 4; lastKnownFileType = file.xib; path = "Launch Screen.xib"; sourceTree = "<group>"; };
		6548E7071B17D26B004A2EA2 /* Author.h */ = {isa = PBXFileReference; fileEncoding = 4; lastKnownFileType = sourcecode.c.h; path = Author.h; sourceTree = "<group>"; };
		6548E7081B17D26B004A2EA2 /* Author.m */ = {isa = PBXFileReference; fileEncoding = 4; lastKnownFileType = sourcecode.c.objc; path = Author.m; sourceTree = "<group>"; };
		6548E70A1B17D643004A2EA2 /* Book.h */ = {isa = PBXFileReference; fileEncoding = 4; lastKnownFileType = sourcecode.c.h; path = Book.h; sourceTree = "<group>"; };
		6548E70B1B17D643004A2EA2 /* Book.m */ = {isa = PBXFileReference; fileEncoding = 4; lastKnownFileType = sourcecode.c.objc; path = Book.m; sourceTree = "<group>"; };
		6548E70D1B17DAA7004A2EA2 /* BookTableViewTableViewController.h */ = {isa = PBXFileReference; fileEncoding = 4; lastKnownFileType = sourcecode.c.h; path = BookTableViewTableViewController.h; sourceTree = "<group>"; };
		6548E70E1B17DAA7004A2EA2 /* BookTableViewTableViewController.m */ = {isa = PBXFileReference; fileEncoding = 4; lastKnownFileType = sourcecode.c.objc; path = BookTableViewTableViewController.m; sourceTree = "<group>"; };
		65AB068F1B178C7400B29451 /* d1.app */ = {isa = PBXFileReference; explicitFileType = wrapper.application; includeInIndex = 0; path = d1.app; sourceTree = BUILT_PRODUCTS_DIR; };
		65AB06931B178C7400B29451 /* Info.plist */ = {isa = PBXFileReference; lastKnownFileType = text.plist.xml; path = Info.plist; sourceTree = "<group>"; };
		65AB06941B178C7400B29451 /* main.m */ = {isa = PBXFileReference; lastKnownFileType = sourcecode.c.objc; path = main.m; sourceTree = "<group>"; };
		65AB06961B178C7400B29451 /* AppDelegate.h */ = {isa = PBXFileReference; lastKnownFileType = sourcecode.c.h; path = AppDelegate.h; sourceTree = "<group>"; };
		65AB06971B178C7400B29451 /* AppDelegate.m */ = {isa = PBXFileReference; lastKnownFileType = sourcecode.c.objc; path = AppDelegate.m; sourceTree = "<group>"; };
		65AB06991B178C7400B29451 /* ViewController.h */ = {isa = PBXFileReference; lastKnownFileType = sourcecode.c.h; path = ViewController.h; sourceTree = "<group>"; };
		65AB069A1B178C7400B29451 /* ViewController.m */ = {isa = PBXFileReference; lastKnownFileType = sourcecode.c.objc; path = ViewController.m; sourceTree = "<group>"; };
		65AB069F1B178C7400B29451 /* Images.xcassets */ = {isa = PBXFileReference; lastKnownFileType = folder.assetcatalog; path = Images.xcassets; sourceTree = "<group>"; };
		65AB06A81B178C7400B29451 /* d1Tests.xctest */ = {isa = PBXFileReference; explicitFileType = wrapper.cfbundle; includeInIndex = 0; path = d1Tests.xctest; sourceTree = BUILT_PRODUCTS_DIR; };
		65AB06AD1B178C7400B29451 /* Info.plist */ = {isa = PBXFileReference; lastKnownFileType = text.plist.xml; path = Info.plist; sourceTree = "<group>"; };
		65AB06AE1B178C7400B29451 /* d1Tests.m */ = {isa = PBXFileReference; lastKnownFileType = sourcecode.c.objc; path = d1Tests.m; sourceTree = "<group>"; };
		65AB06B81B178CF600B29451 /* ViewController.xib */ = {isa = PBXFileReference; fileEncoding = 4; lastKnownFileType = file.xib; path = ViewController.xib; sourceTree = "<group>"; };
/* End PBXFileReference section */

/* Begin PBXFrameworksBuildPhase section */
		65AB068C1B178C7400B29451 /* Frameworks */ = {
			isa = PBXFrameworksBuildPhase;
			buildActionMask = 2147483647;
			files = (
			);
			runOnlyForDeploymentPostprocessing = 0;
		};
		65AB06A51B178C7400B29451 /* Frameworks */ = {
			isa = PBXFrameworksBuildPhase;
			buildActionMask = 2147483647;
			files = (
			);
			runOnlyForDeploymentPostprocessing = 0;
		};
/* End PBXFrameworksBuildPhase section */

/* Begin PBXGroup section */
		65AB06861B178C7400B29451 = {
			isa = PBXGroup;
			children = (
				65AB06911B178C7400B29451 /* d1 */,
				65AB06AB1B178C7400B29451 /* d1Tests */,
				65AB06901B178C7400B29451 /* Products */,
			);
			sourceTree = "<group>";
		};
		65AB06901B178C7400B29451 /* Products */ = {
			isa = PBXGroup;
			children = (
				65AB068F1B178C7400B29451 /* d1.app */,
				65AB06A81B178C7400B29451 /* d1Tests.xctest */,
			);
			name = Products;
			sourceTree = "<group>";
		};
		65AB06911B178C7400B29451 /* d1 */ = {
			isa = PBXGroup;
			children = (
				65AB06961B178C7400B29451 /* AppDelegate.h */,
				65AB06971B178C7400B29451 /* AppDelegate.m */,
				6548E7071B17D26B004A2EA2 /* Author.h */,
				6548E7081B17D26B004A2EA2 /* Author.m */,
				6548E70A1B17D643004A2EA2 /* Book.h */,
				6548E70B1B17D643004A2EA2 /* Book.m */,
				65AB06991B178C7400B29451 /* ViewController.h */,
				65AB069A1B178C7400B29451 /* ViewController.m */,
				65AB06B81B178CF600B29451 /* ViewController.xib */,
				6548E70D1B17DAA7004A2EA2 /* BookTableViewTableViewController.h */,
				6548E70E1B17DAA7004A2EA2 /* BookTableViewTableViewController.m */,
				6548E7051B17CCFF004A2EA2 /* Launch Screen.xib */,
				65AB069F1B178C7400B29451 /* Images.xcassets */,
				65AB06921B178C7400B29451 /* Supporting Files */,
			);
			path = d1;
			sourceTree = "<group>";
		};
		65AB06921B178C7400B29451 /* Supporting Files */ = {
			isa = PBXGroup;
			children = (
				65AB06931B178C7400B29451 /* Info.plist */,
				65AB06941B178C7400B29451 /* main.m */,
			);
			name = "Supporting Files";
			sourceTree = "<group>";
		};
		65AB06AB1B178C7400B29451 /* d1Tests */ = {
			isa = PBXGroup;
			children = (
				65AB06AE1B178C7400B29451 /* d1Tests.m */,
				65AB06AC1B178C7400B29451 /* Supporting Files */,
			);
			path = d1Tests;
			sourceTree = "<group>";
		};
		65AB06AC1B178C7400B29451 /* Supporting Files */ = {
			isa = PBXGroup;
			children = (
				65AB06AD1B178C7400B29451 /* Info.plist */,
			);
			name = "Supporting Files";
			sourceTree = "<group>";
		};
/* End PBXGroup section */

/* Begin PBXNativeTarget section */
		65AB068E1B178C7400B29451 /* d1 */ = {
			isa = PBXNativeTarget;
			buildConfigurationList = 65AB06B21B178C7400B29451 /* Build configuration list for PBXNativeTarget "d1" */;
			buildPhases = (
				65AB068B1B178C7400B29451 /* Sources */,
				65AB068C1B178C7400B29451 /* Frameworks */,
				65AB068D1B178C7400B29451 /* Resources */,
			);
			buildRules = (
			);
			dependencies = (
			);
			name = d1;
			productName = d1;
			productReference = 65AB068F1B178C7400B29451 /* d1.app */;
			productType = "com.apple.product-type.application";
		};
		65AB06A71B178C7400B29451 /* d1Tests */ = {
			isa = PBXNativeTarget;
			buildConfigurationList = 65AB06B51B178C7400B29451 /* Build configuration list for PBXNativeTarget "d1Tests" */;
			buildPhases = (
				65AB06A41B178C7400B29451 /* Sources */,
				65AB06A51B178C7400B29451 /* Frameworks */,
				65AB06A61B178C7400B29451 /* Resources */,
			);
			buildRules = (
			);
			dependencies = (
				65AB06AA1B178C7400B29451 /* PBXTargetDependency */,
			);
			name = d1Tests;
			productName = d1Tests;
			productReference = 65AB06A81B178C7400B29451 /* d1Tests.xctest */;
			productType = "com.apple.product-type.bundle.unit-test";
		};
/* End PBXNativeTarget section */

/* Begin PBXProject section */
		65AB06871B178C7400B29451 /* Project object */ = {
			isa = PBXProject;
			attributes = {
				LastUpgradeCheck = 0630;
				ORGANIZATIONNAME = "Stewart MacLeod";
				TargetAttributes = {
					65AB068E1B178C7400B29451 = {
						CreatedOnToolsVersion = 6.3.2;
					};
					65AB06A71B178C7400B29451 = {
						CreatedOnToolsVersion = 6.3.2;
						TestTargetID = 65AB068E1B178C7400B29451;
					};
				};
			};
			buildConfigurationList = 65AB068A1B178C7400B29451 /* Build configuration list for PBXProject "d1" */;
			compatibilityVersion = "Xcode 3.2";
			developmentRegion = English;
			hasScannedForEncodings = 0;
			knownRegions = (
				en,
				Base,
			);
			mainGroup = 65AB06861B178C7400B29451;
			productRefGroup = 65AB06901B178C7400B29451 /* Products */;
			projectDirPath = "";
			projectRoot = "";
			targets = (
				65AB068E1B178C7400B29451 /* d1 */,
				65AB06A71B178C7400B29451 /* d1Tests */,
			);
		};
/* End PBXProject section */

/* Begin PBXResourcesBuildPhase section */
		65AB068D1B178C7400B29451 /* Resources */ = {
			isa = PBXResourcesBuildPhase;
			buildActionMask = 2147483647;
			files = (
				65AB06B91B178CF600B29451 /* ViewController.xib in Resources */,
				65AB06A01B178C7400B29451 /* Images.xcassets in Resources */,
				6548E7061B17CCFF004A2EA2 /* Launch Screen.xib in Resources */,
			);
			runOnlyForDeploymentPostprocessing = 0;
		};
		65AB06A61B178C7400B29451 /* Resources */ = {
			isa = PBXResourcesBuildPhase;
			buildActionMask = 2147483647;
			files = (
			);
			runOnlyForDeploymentPostprocessing = 0;
		};
/* End PBXResourcesBuildPhase section */

/* Begin PBXSourcesBuildPhase section */
		65AB068B1B178C7400B29451 /* Sources */ = {
			isa = PBXSourcesBuildPhase;
			buildActionMask = 2147483647;
			files = (
				6548E70C1B17D643004A2EA2 /* Book.m in Sources */,
				65AB069B1B178C7400B29451 /* ViewController.m in Sources */,
				6548E70F1B17DAA7004A2EA2 /* BookTableViewTableViewController.m in Sources */,
				65AB06981B178C7400B29451 /* AppDelegate.m in Sources */,
				6548E7091B17D26B004A2EA2 /* Author.m in Sources */,
				65AB06951B178C7400B29451 /* main.m in Sources */,
			);
			runOnlyForDeploymentPostprocessing = 0;
		};
		65AB06A41B178C7400B29451 /* Sources */ = {
			isa = PBXSourcesBuildPhase;
			buildActionMask = 2147483647;
			files = (
				65AB06AF1B178C7400B29451 /* d1Tests.m in Sources */,
			);
			runOnlyForDeploymentPostprocessing = 0;
		};
/* End PBXSourcesBuildPhase section */

/* Begin PBXTargetDependency section */
		65AB06AA1B178C7400B29451 /* PBXTargetDependency */ = {
			isa = PBXTargetDependency;
			target = 65AB068E1B178C7400B29451 /* d1 */;
			targetProxy = 65AB06A91B178C7400B29451 /* PBXContainerItemProxy */;
		};
/* End PBXTargetDependency section */

/* Begin XCBuildConfiguration section */
		65AB06B01B178C7400B29451 /* Debug */ = {
			isa = XCBuildConfiguration;
			buildSettings = {
				ALWAYS_SEARCH_USER_PATHS = NO;
				CLANG_CXX_LANGUAGE_STANDARD = "gnu++0x";
				CLANG_CXX_LIBRARY = "libc++";
				CLANG_ENABLE_MODULES = YES;
				CLANG_ENABLE_OBJC_ARC = YES;
				CLANG_WARN_BOOL_CONVERSION = YES;
				CLANG_WARN_CONSTANT_CONVERSION = YES;
				CLANG_WARN_DIRECT_OBJC_ISA_USAGE = YES_ERROR;
				CLANG_WARN_EMPTY_BODY = YES;
				CLANG_WARN_ENUM_CONVERSION = YES;
				CLANG_WARN_INT_CONVERSION = YES;
				CLANG_WARN_OBJC_ROOT_CLASS = YES_ERROR;
				CLANG_WARN_UNREACHABLE_CODE = YES;
				CLANG_WARN__DUPLICATE_METHOD_MATCH = YES;
				"CODE_SIGN_IDENTITY[sdk=iphoneos*]" = "iPhone Developer";
				COPY_PHASE_STRIP = NO;
				DEBUG_INFORMATION_FORMAT = "dwarf-with-dsym";
				ENABLE_STRICT_OBJC_MSGSEND = YES;
				GCC_C_LANGUAGE_STANDARD = gnu99;
				GCC_DYNAMIC_NO_PIC = NO;
				GCC_NO_COMMON_BLOCKS = YES;
				GCC_OPTIMIZATION_LEVEL = 0;
				GCC_PREPROCESSOR_DEFINITIONS = (
					"DEBUG=1",
					"$(inherited)",
				);
				GCC_SYMBOLS_PRIVATE_EXTERN = NO;
				GCC_WARN_64_TO_32_BIT_CONVERSION = YES;
				GCC_WARN_ABOUT_RETURN_TYPE = YES_ERROR;
				GCC_WARN_UNDECLARED_SELECTOR = YES;
				GCC_WARN_UNINITIALIZED_AUTOS = YES_AGGRESSIVE;
				GCC_WARN_UNUSED_FUNCTION = YES;
				GCC_WARN_UNUSED_VARIABLE = YES;
				IPHONEOS_DEPLOYMENT_TARGET = 8.3;
				MTL_ENABLE_DEBUG_INFO = YES;
				ONLY_ACTIVE_ARCH = YES;
				SDKROOT = iphoneos;
			};
			name = Debug;
		};
		65AB06B11B178C7400B29451 /* Release */ = {
			isa = XCBuildConfiguration;
			buildSettings = {
				ALWAYS_SEARCH_USER_PATHS = NO;
				CLANG_CXX_LANGUAGE_STANDARD = "gnu++0x";
				CLANG_CXX_LIBRARY = "libc++";
				CLANG_ENABLE_MODULES = YES;
				CLANG_ENABLE_OBJC_ARC = YES;
				CLANG_WARN_BOOL_CONVERSION = YES;
				CLANG_WARN_CONSTANT_CONVERSION = YES;
				CLANG_WARN_DIRECT_OBJC_ISA_USAGE = YES_ERROR;
				CLANG_WARN_EMPTY_BODY = YES;
				CLANG_WARN_ENUM_CONVERSION = YES;
				CLANG_WARN_INT_CONVERSION = YES;
				CLANG_WARN_OBJC_ROOT_CLASS = YES_ERROR;
				CLANG_WARN_UNREACHABLE_CODE = YES;
				CLANG_WARN__DUPLICATE_METHOD_MATCH = YES;
				"CODE_SIGN_IDENTITY[sdk=iphoneos*]" = "iPhone Developer";
				COPY_PHASE_STRIP = NO;
				DEBUG_INFORMATION_FORMAT = "dwarf-with-dsym";
				ENABLE_NS_ASSERTIONS = NO;
				ENABLE_STRICT_OBJC_MSGSEND = YES;
				GCC_C_LANGUAGE_STANDARD = gnu99;
				GCC_NO_COMMON_BLOCKS = YES;
				GCC_WARN_64_TO_32_BIT_CONVERSION = YES;
				GCC_WARN_ABOUT_RETURN_TYPE = YES_ERROR;
				GCC_WARN_UNDECLARED_SELECTOR = YES;
				GCC_WARN_UNINITIALIZED_AUTOS = YES_AGGRESSIVE;
				GCC_WARN_UNUSED_FUNCTION = YES;
				GCC_WARN_UNUSED_VARIABLE = YES;
				IPHONEOS_DEPLOYMENT_TARGET = 8.3;
				MTL_ENABLE_DEBUG_INFO = NO;
				SDKROOT = iphoneos;
				VALIDATE_PRODUCT = YES;
			};
			name = Release;
		};
		65AB06B31B178C7400B29451 /* Debug */ = {
			isa = XCBuildConfiguration;
			buildSettings = {
				ASSETCATALOG_COMPILER_APPICON_NAME = AppIcon;
				INFOPLIST_FILE = d1/Info.plist;
				LD_RUNPATH_SEARCH_PATHS = "$(inherited) @executable_path/Frameworks";
				PRODUCT_NAME = "$(TARGET_NAME)";
			};
			name = Debug;
		};
		65AB06B41B178C7400B29451 /* Release */ = {
			isa = XCBuildConfiguration;
			buildSettings = {
				ASSETCATALOG_COMPILER_APPICON_NAME = AppIcon;
				INFOPLIST_FILE = d1/Info.plist;
				LD_RUNPATH_SEARCH_PATHS = "$(inherited) @executable_path/Frameworks";
				PRODUCT_NAME = "$(TARGET_NAME)";
			};
			name = Release;
		};
		65AB06B61B178C7400B29451 /* Debug */ = {
			isa = XCBuildConfiguration;
			buildSettings = {
				BUNDLE_LOADER = "$(TEST_HOST)";
				FRAMEWORK_SEARCH_PATHS = (
					"$(SDKROOT)/Developer/Library/Frameworks",
					"$(inherited)",
				);
				GCC_PREPROCESSOR_DEFINITIONS = (
					"DEBUG=1",
					"$(inherited)",
				);
				INFOPLIST_FILE = d1Tests/Info.plist;
				LD_RUNPATH_SEARCH_PATHS = "$(inherited) @executable_path/Frameworks @loader_path/Frameworks";
				PRODUCT_NAME = "$(TARGET_NAME)";
				TEST_HOST = "$(BUILT_PRODUCTS_DIR)/d1.app/d1";
			};
			name = Debug;
		};
		65AB06B71B178C7400B29451 /* Release */ = {
			isa = XCBuildConfiguration;
			buildSettings = {
				BUNDLE_LOADER = "$(TEST_HOST)";
				FRAMEWORK_SEARCH_PATHS = (
					"$(SDKROOT)/Developer/Library/Frameworks",
					"$(inherited)",
				);
				INFOPLIST_FILE = d1Tests/Info.plist;
				LD_RUNPATH_SEARCH_PATHS = "$(inherited) @executable_path/Frameworks @loader_path/Frameworks";
				PRODUCT_NAME = "$(TARGET_NAME)";
				TEST_HOST = "$(BUILT_PRODUCTS_DIR)/d1.app/d1";
			};
			name = Release;
		};
/* End XCBuildConfiguration section */

/* Begin XCConfigurationList section */
		65AB068A1B178C7400B29451 /* Build configuration list for PBXProject "d1" */ = {
			isa = XCConfigurationList;
			buildConfigurations = (
				65AB06B01B178C7400B29451 /* Debug */,
				65AB06B11B178C7400B29451 /* Release */,
			);
			defaultConfigurationIsVisible = 0;
			defaultConfigurationName = Release;
		};
		65AB06B21B178C7400B29451 /* Build configuration list for PBXNativeTarget "d1" */ = {
			isa = XCConfigurationList;
			buildConfigurations = (
				65AB06B31B178C7400B29451 /* Debug */,
				65AB06B41B178C7400B29451 /* Release */,
			);
			defaultConfigurationIsVisible = 0;
			defaultConfigurationName = Release;
		};
		65AB06B51B178C7400B29451 /* Build configuration list for PBXNativeTarget "d1Tests" */ = {
			isa = XCConfigurationList;
			buildConfigurations = (
				65AB06B61B178C7400B29451 /* Debug */,
				65AB06B71B178C7400B29451 /* Release */,
			);
			defaultConfigurationIsVisible = 0;
			defaultConfigurationName = Release;
		};
/* End XCConfigurationList section */
	};
	rootObject = 65AB06871B178C7400B29451 /* Project object */;
}
